
Microsoft Visual Studio Solution File, Format Version 12.00
# Visual Studio Version 17
VisualStudioVersion = 17.0.32014.148
MinimumVisualStudioVersion = 10.0.40219.1
Project("{FAE04EC0-301F-11D3-BF4B-00C04F79EFBC}") = "MovieApp", "MovieApp\MovieApp.csproj", "{620BF13F-F697-46BC-B676-BC91067416B4}"
EndProject
Global
	GlobalSection(SolutionConfigurationPlatforms) = preSolution
		Debug|Any CPU = Debug|Any CPU
		Release|Any CPU = Release|Any CPU
	EndGlobalSection
	GlobalSection(ProjectConfigurationPlatforms) = postSolution
		{620BF13F-F697-46BC-B676-BC91067416B4}.Debug|Any CPU.ActiveCfg = Debug|Any CPU
		{620BF13F-F697-46BC-B676-BC91067416B4}.Debug|Any CPU.Build.0 = Debug|Any CPU
		{620BF13F-F697-46BC-B676-BC91067416B4}.Release|Any CPU.ActiveCfg = Release|Any CPU
		{620BF13F-F697-46BC-B676-BC91067416B4}.Release|Any CPU.Build.0 = Release|Any CPU
	EndGlobalSection
	GlobalSection(SolutionProperties) = preSolution
		HideSolutionNode = FALSE
	EndGlobalSection
	GlobalSection(ExtensibilityGlobals) = postSolution
		SolutionGuid = {54052357-7C45-4428-BE34-79E6D8391D58}
	EndGlobalSection
EndGlobal
